{
  "name": "smee-wrapper",
  "version": "1.0.0",
  "lockfileVersion": 3,
  "requires": true,
  "packages": {
    "": {
      "name": "smee-wrapper",
      "version": "1.0.0",
      "license": "GPL-2.0-only",
      "dependencies": {
        "smee-client": "4.4.1"
      }
    },
    "node_modules/eventsource": {
      "version": "4.0.0",
      "resolved": "https://registry.npmjs.org/eventsource/-/eventsource-4.0.0.tgz",
      "integrity": "sha512-fvIkb9qZzdMxgZrEQDyll+9oJsyaVvY92I2Re+qK0qEJ+w5s0X3dtz+M0VAPOjP1gtU3iqWyjQ0G3nvd5CLZ2g==",
      "license": "MIT",
      "dependencies": {
        "eventsource-parser": "^3.0.1"
      },
      "engines": {
        "node": ">=20.0.0"
      }
    },
    "node_modules/eventsource-parser": {
      "version": "3.0.6",
      "resolved": "https://registry.npmjs.org/eventsource-parser/-/eventsource-parser-3.0.6.tgz",
      "integrity": "sha512-Vo1ab+QXPzZ4tCa8SwIHJFaSzy4R6SHf7BY79rFBDf0idraZWAkYrDjDj8uWaSm3S2TK+hJ7/t1CEmZ7jXw+pg==",
      "license": "MIT",
      "engines": {
        "node": ">=18.0.0"
      }
    },
    "node_modules/smee-client": {
      "version": "4.4.1",
      "resolved": "https://registry.npmjs.org/smee-client/-/smee-client-4.4.1.tgz",
      "integrity": "sha512-o2px88YVTmKWpaF3sg0Qpuk5MEVpM7BrImjNy/PYf3ENiD51dnPWtXnYHAM6h5/+06ug7z7BBu3werlIEwVkdw==",
      "license": "ISC",
      "dependencies": {
        "eventsource": "^4.0.0",
        "undici": "^7.0.0"
      },
      "bin": {
        "smee": "bin/smee.js"
      },
      "engines": {
        "node": "^20.18 || >= 22"
      }
    },
    "node_modules/undici": {
      "version": "7.16.0",
      "resolved": "https://registry.npmjs.org/undici/-/undici-7.16.0.tgz",
      "integrity": "sha512-QEg3HPMll0o3t2ourKwOeUAZ159Kn9mx5pnzHRQO8+Wixmh88YdZRiIwat0iNzNNXn0yoEtXJqFpyW7eM8BV7g==",
      "license": "MIT",
      "engines": {
        "node": ">=20.18.1"
      }
    }
  }
}
